<?xml version="1.0" encoding="utf-8"?>
<Project ToolsVersion="4.0" xmlns="http://schemas.microsoft.com/developer/msbuild/2003">
  <ItemGroup>
    <Filter Include="Source Files">
      <UniqueIdentifier>{4FC737F1-C7A5-4376-A066-2A32D752A2FF}</UniqueIdentifier>
      <Extensions>cpp;c;cc;cxx;def;odl;idl;hpj;bat;asm;asmx</Extensions>
    </Filter>
    <Filter Include="Source Files\sfTheora">
      <UniqueIdentifier>{f414e319-c0a4-43f9-bd62-40007489a921}</UniqueIdentifier>
    </Filter>
    <Filter Include="Header Files">
      <UniqueIdentifier>{93995380-89BD-4b04-88EB-625FBE52EBFB}</UniqueIdentifier>
      <Extensions>h;hpp;hxx;hm;inl;inc;xsd</Extensions>
    </Filter>
    <Filter Include="Header Files\sfTheora">
      <UniqueIdentifier>{763938b0-4214-4258-95c9-6a4e579464d5}</UniqueIdentifier>
    </Filter>
    <Filter Include="Resource Files">
      <UniqueIdentifier>{67DA6AB6-F800-4c08-8B7A-83BB121AAD01}</UniqueIdentifier>
      <Extensions>rc;ico;cur;bmp;dlg;rc2;rct;bin;rgs;gif;jpg;jpeg;jpe;resx;tiff;tif;png;wav</Extensions>
    </Filter>
  </ItemGroup>
  <ItemGroup>
    <ClCompile Include="src\sfTheora\AudioInterface.cpp">
      <Filter>Source Files\sfTheora</Filter>
    </ClCompile>
    <ClCompile Include="src\sfTheora\Video.cpp">
      <Filter>Source Files\sfTheora</Filter>
    </ClCompile>
    <ClCompile Include="src\sfTheora\MemoryLoader.cpp">
      <Filter>Source Files\sfTheora</Filter>
    </ClCompile>
  </ItemGroup>
  <ItemGroup>
    <ClInclude Include="include\sfTheora.h">
      <Filter>Header Files</Filter>
    </ClInclude>
    <ClInclude Include="include\sfTheora\AudioInterface.h">
      <Filter>Header Files\sfTheora</Filter>
    </ClInclude>
    <ClInclude Include="include\sfTheora\Video.h">
      <Filter>Header Files\sfTheora</Filter>
    </ClInclude>
    <ClInclude Include="include\sfTheora\MemoryLoader.h">
      <Filter>Header Files\sfTheora</Filter>
    </ClInclude>
    <ClInclude Include="include\sfTheora\Error.h">
      <Filter>Header Files\sfTheora</Filter>
    </ClInclude>
  </ItemGroup>
</Project>